{
  "name": "myblog",
  "version": "0.1.0",
  "lockfileVersion": 1,
  "requires": true,
  "dependencies": {
    "@next/env": {
      "version": "13.1.5",
      "resolved": "https://registry.npmmirror.com/@next/env/-/env-13.1.5.tgz",
      "integrity": "sha512-0Ry4NhJy6qLbXhvxPRUQ1H6RzgtryGdUto7hfgAK0Iw/bScgeVjwLZdfhm2iT7qsOS32apo9cWzLCxjc6iGPsA=="
    },
    "@next/font": {
      "version": "13.1.5"
    },
    "@next/swc-android-arm-eabi": {
      "version": "13.1.5",
      "resolved": "https://registry.npmmirror.com/@next/swc-android-arm-eabi/-/swc-android-arm-eabi-13.1.5.tgz",
      "integrity": "sha512-QAEf3YM9U0qWVQTxgF3Tsh4OeCN1i9Smsf6cVlwZsPzoLyj2nQ879joCoN+ONqDknkBgG6OG/ajefywL3jw9Cg==",
      "optional": true
    },
    "@next/swc-android-arm64": {
      "version": "13.1.5",
      "resolved": "https://registry.npmmirror.com/@next/swc-android-arm64/-/swc-android-arm64-13.1.5.tgz",
      "integrity": "sha512-ZmtGPTghRuT5YKL0nNcC2bBVSiG1O0is16eIZ2rWSP/hRW64ZCcAew6pxw2rihntNp22UfequjSTHd91WE/tyQ==",
      "optional": true
    },
    "@next/swc-darwin-arm64": {
      "version": "13.1.5",
      "resolved": "https://registry.npmmirror.com/@next/swc-darwin-arm64/-/swc-darwin-arm64-13.1.5.tgz",
      "integrity": "sha512-aeFXK+M/zmG/CNdMJ0tGNs0MWcLueUe7vZ2V6fa+2yz/ZgYJLI7fEfFvVh1p1yBMzupSbZDowvMuCSFTaeg3MA==",
      "optional": true
    },
    "@next/swc-darwin-x64": {
      "version": "13.1.5",
      "resolved": "https://registry.npmmirror.com/@next/swc-darwin-x64/-/swc-darwin-x64-13.1.5.tgz",
      "integrity": "sha512-6mPX0GNRg8NzjV70at8I8pD9YBnPHDpxJCoMuIqysdTjtQhd09Xk6GUhquNhp1kEJzzVk7OW5l2ch4XIJjtY3A==",
      "optional": true
    },
    "@next/swc-freebsd-x64": {
      "version": "13.1.5",
      "resolved": "https://registry.npmmirror.com/@next/swc-freebsd-x64/-/swc-freebsd-x64-13.1.5.tgz",
      "integrity": "sha512-nR4a/SNblG0w8hhYRflTZjk4yD99ld18w/FCftw99ziw8sgciBlOXRICJIiRIaMRU8UH7QLSgBOQVnfNcVNKMA==",
      "optional": true
    },
    "@next/swc-linux-arm-gnueabihf": {
      "version": "13.1.5",
      "resolved": "https://registry.npmmirror.com/@next/swc-linux-arm-gnueabihf/-/swc-linux-arm-gnueabihf-13.1.5.tgz",
      "integrity": "sha512-EzkltCVKg3gUzamoeKPhGeSgXTTLAhSzc7v/+g1Y+HQa7JKMrlzdRkrJf+H4LJXcz7lnxgNKHGRyZBSXnmJKJw==",
      "optional": true
    },
    "@next/swc-linux-arm64-gnu": {
      "version": "13.1.5",
      "resolved": "https://registry.npmmirror.com/@next/swc-linux-arm64-gnu/-/swc-linux-arm64-gnu-13.1.5.tgz",
      "integrity": "sha512-E7HMkdoxStmTUJU4KzBUU4vZ5DHT4Gd327tC3KFZS5lda0NRerJAOCfsRg+fBj22FvCb1UWsX6XI+weL6xhyeQ==",
      "optional": true
    },
    "@next/swc-linux-arm64-musl": {
      "version": "13.1.5",
      "resolved": "https://registry.npmmirror.com/@next/swc-linux-arm64-musl/-/swc-linux-arm64-musl-13.1.5.tgz",
      "integrity": "sha512-qlO0Fd3GQwJS6YpbF9NyL5NGHVZ43dKtZDC/jP4vdeMIYDtSu13HcY/nmA1NdW+RpMwDxSCpx4WKsCCEZGIX8Q==",
      "optional": true
    },
    "@next/swc-linux-x64-gnu": {
      "version": "13.1.5",
      "resolved": "https://registry.npmmirror.com/@next/swc-linux-x64-gnu/-/swc-linux-x64-gnu-13.1.5.tgz",
      "integrity": "sha512-GftSBFAay2nocGl+KNqFsj6EVSvomaM/bp86hzezbKsTwQmu76PjOCVcejI1gE+4k7f5zPDgCuorF6F04BV0HQ==",
      "optional": true
    },
    "@next/swc-linux-x64-musl": {
      "version": "13.1.5",
      "resolved": "https://registry.npmmirror.com/@next/swc-linux-x64-musl/-/swc-linux-x64-musl-13.1.5.tgz",
      "integrity": "sha512-UD+3lxU4yuAjd+uBkCDfBpAcbGAVfEcE8mX/efIxUGIImmzN0QzgTHYEpKFnY3Lxu02dIBcwQRT3Q5mfO4obng==",
      "optional": true
    },
    "@next/swc-win32-arm64-msvc": {
      "version": "13.1.5",
      "resolved": "https://registry.npmmirror.com/@next/swc-win32-arm64-msvc/-/swc-win32-arm64-msvc-13.1.5.tgz",
      "integrity": "sha512-uzsvkQY+K3EbL+97IUHPWZPwjsCmCkdH/O5Cf9wCnh0k0gaj7ob1mGKqr1vNNak+9U7HloGwuHcXnZpijWSP7w==",
      "optional": true
    },
    "@next/swc-win32-ia32-msvc": {
      "version": "13.1.5",
      "resolved": "https://registry.npmmirror.com/@next/swc-win32-ia32-msvc/-/swc-win32-ia32-msvc-13.1.5.tgz",
      "integrity": "sha512-v0NaC1w8mPf620GlJaHBdEm3dm4G4AEQMasDqjzQvo0yCRrvtvzMgCIe8MocBxFHzaF6868NybMqvumxP5YxEg==",
      "optional": true
    },
    "@next/swc-win32-x64-msvc": {
      "version": "13.1.5",
      "resolved": "https://registry.npmmirror.com/@next/swc-win32-x64-msvc/-/swc-win32-x64-msvc-13.1.5.tgz",
      "integrity": "sha512-IZHwvd649ccbWyLCfu92IXEpR250NpmBkaRelPV+WVm4jrd62FKRFCNdqdCXq6TrEg9wN8cK4YG8tm44uEZqLA==",
      "optional": true
    },
    "@swc/helpers": {
      "version": "0.4.14",
      "resolved": "https://registry.npmmirror.com/@swc/helpers/-/helpers-0.4.14.tgz",
      "integrity": "sha512-4C7nX/dvpzB7za4Ql9K81xK3HPxCpHMgwTZVyf+9JQ6VUbn9jjZVN7/Nkdz/Ugzs2CSjqnL/UPXroiVBVHUWUw==",
      "requires": {
        "tslib": "^2.4.0"
      }
    },
    "@types/node": {
      "version": "18.11.18"
    },
    "@types/prop-types": {
      "version": "15.7.5",
      "resolved": "https://registry.npmmirror.com/@types/prop-types/-/prop-types-15.7.5.tgz",
      "integrity": "sha512-JCB8C6SnDoQf0cNycqd/35A7MjcnK+ZTqE7judS6o7utxUCg6imJg3QK2qzHKszlTjcj2cn+NwMB2i96ubpj7w=="
    },
    "@types/react-dom": {
      "version": "18.0.10",
      "requires": {
        "@types/react": "*"
      },
      "dependencies": {
        "@types/react": {
          "version": "18.0.27",
          "resolved": "https://registry.npmmirror.com/@types/react/-/react-18.0.27.tgz",
          "integrity": "sha512-3vtRKHgVxu3Jp9t718R9BuzoD4NcQ8YJ5XRzsSKxNDiDonD2MXIT1TmSkenxuCycZJoQT5d2vE8LwWJxBC1gmA==",
          "requires": {
            "@types/prop-types": "*",
            "@types/scheduler": "*",
            "csstype": "^3.0.2"
          }
        }
      }
    },
    "@types/scheduler": {
      "version": "0.16.2",
      "resolved": "https://registry.npmmirror.com/@types/scheduler/-/scheduler-0.16.2.tgz",
      "integrity": "sha512-hppQEBDmlwhFAXKJX2KnWLYu5yMfi91yazPb2l+lbJiwW+wdo1gNeRA+3RgNSO39WYX2euey41KEwnqesU2Jew=="
    },
    "bignumber.js": {
      "version": "9.0.0",
      "resolved": "https://registry.npmmirror.com/bignumber.js/-/bignumber.js-9.0.0.tgz",
      "integrity": "sha512-t/OYhhJ2SD+YGBQcjY8GzzDHEk9f3nerxjtfa6tlMXfe7frs/WozhvCNoGvpM0P3bNf3Gq5ZRMlGr5f3r4/N8A=="
    },
    "caniuse-lite": {
      "version": "1.0.30001448",
      "resolved": "https://registry.npmmirror.com/caniuse-lite/-/caniuse-lite-1.0.30001448.tgz",
      "integrity": "sha512-tq2YI+MJnooG96XpbTRYkBxLxklZPOdLmNIOdIhvf7SNJan6u5vCKum8iT7ZfCt70m1GPkuC7P3TtX6UuhupuA=="
    },
    "client-only": {
      "version": "0.0.1",
      "resolved": "https://registry.npmmirror.com/client-only/-/client-only-0.0.1.tgz",
      "integrity": "sha512-IV3Ou0jSMzZrd3pZ48nLkT9DA7Ag1pnPzaiQhpW7c3RbcqqzvzzVu+L8gfqMp/8IM2MQtSiqaCxrrcfu8I8rMA=="
    },
    "core-util-is": {
      "version": "1.0.3",
      "resolved": "https://registry.npmmirror.com/core-util-is/-/core-util-is-1.0.3.tgz",
      "integrity": "sha512-ZQBvi1DcpJ4GDqanjucZ2Hj3wEO5pZDS89BWbkcrvdxksJorwUDDZamX9ldFkp9aw2lmBDLgkObEA4DWNJ9FYQ=="
    },
    "csstype": {
      "version": "3.1.1",
      "resolved": "https://registry.npmmirror.com/csstype/-/csstype-3.1.1.tgz",
      "integrity": "sha512-DJR/VvkAvSZW9bTouZue2sSxDwdTN92uHjqeKVm+0dAqdfNykRzQ95tay8aXMBAAPpUiq4Qcug2L7neoRh2Egw=="
    },
    "inherits": {
      "version": "2.0.4",
      "resolved": "https://registry.npmmirror.com/inherits/-/inherits-2.0.4.tgz",
      "integrity": "sha512-k/vGaX4/Yla3WzyMCvTQOXYeIHvqOKtnqBduzTHpzpQZzAskKMhZ2K+EnBiSM9zGSoIFeMpXKxa4dYeZIQqewQ=="
    },
    "isarray": {
      "version": "1.0.0",
      "resolved": "https://registry.npmmirror.com/isarray/-/isarray-1.0.0.tgz",
      "integrity": "sha512-VLghIWNM6ELQzo7zwmcg0NmTVyWKYjvIeM83yjp0wRDTmUnrM678fQbcKBo6n2CJEF0szoG//ytg+TKla89ALQ=="
    },
    "js-tokens": {
      "version": "4.0.0",
      "resolved": "https://registry.npmmirror.com/js-tokens/-/js-tokens-4.0.0.tgz",
      "integrity": "sha512-RdJUflcE3cUzKiMqQgsCu06FPu9UdIJO0beYbPhHN4k6apgJtifcoCtT9bcxOpYBtpD2kCM6Sbzg4CausW/PKQ=="
    },
    "loose-envify": {
      "version": "1.4.0",
      "resolved": "https://registry.npmmirror.com/loose-envify/-/loose-envify-1.4.0.tgz",
      "integrity": "sha512-lyuxPGr/Wfhrlem2CL/UcnUc1zcqKAImBDzukY7Y5F/yQiNdko6+fRLevlw1HgMySw7f611UIY408EtxRSoK3Q==",
      "requires": {
        "js-tokens": "^3.0.0 || ^4.0.0"
      }
    },
    "mysql": {
      "version": "2.18.1",
      "resolved": "https://registry.npmmirror.com/mysql/-/mysql-2.18.1.tgz",
      "integrity": "sha512-Bca+gk2YWmqp2Uf6k5NFEurwY/0td0cpebAucFpY/3jhrwrVGuxU2uQFCHjU19SJfje0yQvi+rVWdq78hR5lig==",
      "requires": {
        "bignumber.js": "9.0.0",
        "readable-stream": "2.3.7",
        "safe-buffer": "5.1.2",
        "sqlstring": "2.3.1"
      }
    },
    "nanoid": {
      "version": "3.3.4",
      "resolved": "https://registry.npmmirror.com/nanoid/-/nanoid-3.3.4.tgz",
      "integrity": "sha512-MqBkQh/OHTS2egovRtLk45wEyNXwF+cokD+1YPf9u5VfJiRdAiRwB2froX5Co9Rh20xs4siNPm8naNotSD6RBw=="
    },
    "next": {
      "version": "13.1.5",
      "requires": {
        "@next/env": "13.1.5",
        "@next/swc-android-arm-eabi": "13.1.5",
        "@next/swc-android-arm64": "13.1.5",
        "@next/swc-darwin-arm64": "13.1.5",
        "@next/swc-darwin-x64": "13.1.5",
        "@next/swc-freebsd-x64": "13.1.5",
        "@next/swc-linux-arm-gnueabihf": "13.1.5",
        "@next/swc-linux-arm64-gnu": "13.1.5",
        "@next/swc-linux-arm64-musl": "13.1.5",
        "@next/swc-linux-x64-gnu": "13.1.5",
        "@next/swc-linux-x64-musl": "13.1.5",
        "@next/swc-win32-arm64-msvc": "13.1.5",
        "@next/swc-win32-ia32-msvc": "13.1.5",
        "@next/swc-win32-x64-msvc": "13.1.5",
        "@swc/helpers": "0.4.14",
        "caniuse-lite": "^1.0.30001406",
        "postcss": "8.4.14",
        "styled-jsx": "5.1.1"
      }
    },
    "picocolors": {
      "version": "1.0.0",
      "resolved": "https://registry.npmmirror.com/picocolors/-/picocolors-1.0.0.tgz",
      "integrity": "sha512-1fygroTLlHu66zi26VoTDv8yRgm0Fccecssto+MhsZ0D/DGW2sm8E8AjW7NU5VVTRt5GxbeZ5qBuJr+HyLYkjQ=="
    },
    "postcss": {
      "version": "8.4.14",
      "resolved": "https://registry.npmmirror.com/postcss/-/postcss-8.4.14.tgz",
      "integrity": "sha512-E398TUmfAYFPBSdzgeieK2Y1+1cpdxJx8yXbK/m57nRhKSmk1GB2tO4lbLBtlkfPQTDKfe4Xqv1ASWPpayPEig==",
      "requires": {
        "nanoid": "^3.3.4",
        "picocolors": "^1.0.0",
        "source-map-js": "^1.0.2"
      }
    },
    "process-nextick-args": {
      "version": "2.0.1",
      "resolved": "https://registry.npmmirror.com/process-nextick-args/-/process-nextick-args-2.0.1.tgz",
      "integrity": "sha512-3ouUOpQhtgrbOa17J7+uxOTpITYWaGP7/AhoR3+A+/1e9skrzelGi/dXzEYyvbxubEF6Wn2ypscTKiKJFFn1ag=="
    },
    "react": {
      "version": "18.2.0",
      "requires": {
        "loose-envify": "^1.1.0"
      }
    },
    "react-dom": {
      "version": "18.2.0",
      "requires": {
        "loose-envify": "^1.1.0",
        "scheduler": "^0.23.0"
      }
    },
    "readable-stream": {
      "version": "2.3.7",
      "resolved": "https://registry.npmmirror.com/readable-stream/-/readable-stream-2.3.7.tgz",
      "integrity": "sha512-Ebho8K4jIbHAxnuxi7o42OrZgF/ZTNcsZj6nRKyUmkhLFq8CHItp/fy6hQZuZmP/n3yZ9VBUbp4zz/mX8hmYPw==",
      "requires": {
        "core-util-is": "~1.0.0",
        "inherits": "~2.0.3",
        "isarray": "~1.0.0",
        "process-nextick-args": "~2.0.0",
        "safe-buffer": "~5.1.1",
        "string_decoder": "~1.1.1",
        "util-deprecate": "~1.0.1"
      }
    },
    "safe-buffer": {
      "version": "5.1.2",
      "resolved": "https://registry.npmmirror.com/safe-buffer/-/safe-buffer-5.1.2.tgz",
      "integrity": "sha512-Gd2UZBJDkXlY7GbJxfsE8/nvKkUEU1G38c1siN6QP6a9PT9MmHB8GnpscSmMJSoF8LOIrt8ud/wPtojys4G6+g=="
    },
    "scheduler": {
      "version": "0.23.0",
      "resolved": "https://registry.npmmirror.com/scheduler/-/scheduler-0.23.0.tgz",
      "integrity": "sha512-CtuThmgHNg7zIZWAXi3AsyIzA3n4xx7aNyjwC2VJldO2LMVDhFK+63xGqq6CsJH4rTAt6/M+N4GhZiDYPx9eUw==",
      "requires": {
        "loose-envify": "^1.1.0"
      }
    },
    "source-map-js": {
      "version": "1.0.2",
      "resolved": "https://registry.npmmirror.com/source-map-js/-/source-map-js-1.0.2.tgz",
      "integrity": "sha512-R0XvVJ9WusLiqTCEiGCmICCMplcCkIwwR11mOSD9CR5u+IXYdiseeEuXCVAjS54zqwkLcPNnmU4OeJ6tUrWhDw=="
    },
    "sqlstring": {
      "version": "2.3.1",
      "resolved": "https://registry.npmmirror.com/sqlstring/-/sqlstring-2.3.1.tgz",
      "integrity": "sha512-ooAzh/7dxIG5+uDik1z/Rd1vli0+38izZhGzSa34FwR7IbelPWCCKSNIl8jlL/F7ERvy8CB2jNeM1E9i9mXMAQ=="
    },
    "string_decoder": {
      "version": "1.1.1",
      "resolved": "https://registry.npmmirror.com/string_decoder/-/string_decoder-1.1.1.tgz",
      "integrity": "sha512-n/ShnvDi6FHbbVfviro+WojiFzv+s8MPMHBczVePfUpDJLwoLT0ht1l4YwBCbi8pJAveEEdnkHyPyTP/mzRfwg==",
      "requires": {
        "safe-buffer": "~5.1.0"
      }
    },
    "styled-jsx": {
      "version": "5.1.1",
      "resolved": "https://registry.npmmirror.com/styled-jsx/-/styled-jsx-5.1.1.tgz",
      "integrity": "sha512-pW7uC1l4mBZ8ugbiZrcIsiIvVx1UmTfw7UkC3Um2tmfUq9Bhk8IiyEIPl6F8agHgjzku6j0xQEZbfA5uSgSaCw==",
      "requires": {
        "client-only": "0.0.1"
      }
    },
    "tslib": {
      "version": "2.5.0",
      "resolved": "https://registry.npmmirror.com/tslib/-/tslib-2.5.0.tgz",
      "integrity": "sha512-336iVw3rtn2BUK7ORdIAHTyxHGRIHVReokCR3XjbckJMK7ms8FysBfhLR8IXnAgy7T0PTPNBWKiH514FOW/WSg=="
    },
    "typescript": {
      "version": "4.9.4"
    },
    "util-deprecate": {
      "version": "1.0.2",
      "resolved": "https://registry.npmmirror.com/util-deprecate/-/util-deprecate-1.0.2.tgz",
      "integrity": "sha512-EPD5q1uXyFxJpCrLnCc1nHnq3gOa6DZBocAIiI2TaSCA7VCJ1UJDMagCzIkXNsUYfD1daK//LTEQ8xiIbrHtcw=="
    }
  }
}
